
Microsoft Visual Studio Solution File, Format Version 11.00
# Visual Studio 2010
Project("{8BC9CEB8-8B4A-11D0-8D11-00A0C91BC942}") = "SingleLinkedList", "SingleLinkedList\SingleLinkedList.vcxproj", "{1D5D8665-3A29-4D47-A7A9-FDE95DC8699F}"
EndProject
Project("{8BC9CEB8-8B4A-11D0-8D11-00A0C91BC942}") = "DoubleLinkedList", "DoubleLinkedList\DoubleLinkedList.vcxproj", "{299A6679-F6C1-4350-95B9-4AB23084A9AB}"
EndProject
Global
	GlobalSection(SolutionConfigurationPlatforms) = preSolution
		Debug|Win32 = Debug|Win32
		Release|Win32 = Release|Win32
	EndGlobalSection
	GlobalSection(ProjectConfigurationPlatforms) = postSolution
		{1D5D8665-3A29-4D47-A7A9-FDE95DC8699F}.Debug|Win32.ActiveCfg = Debug|Win32
		{1D5D8665-3A29-4D47-A7A9-FDE95DC8699F}.Debug|Win32.Build.0 = Debug|Win32
		{1D5D8665-3A29-4D47-A7A9-FDE95DC8699F}.Release|Win32.ActiveCfg = Release|Win32
		{1D5D8665-3A29-4D47-A7A9-FDE95DC8699F}.Release|Win32.Build.0 = Release|Win32
		{299A6679-F6C1-4350-95B9-4AB23084A9AB}.Debug|Win32.ActiveCfg = Debug|Win32
		{299A6679-F6C1-4350-95B9-4AB23084A9AB}.Debug|Win32.Build.0 = Debug|Win32
		{299A6679-F6C1-4350-95B9-4AB23084A9AB}.Release|Win32.ActiveCfg = Release|Win32
		{299A6679-F6C1-4350-95B9-4AB23084A9AB}.Release|Win32.Build.0 = Release|Win32
	EndGlobalSection
	GlobalSection(SolutionProperties) = preSolution
		HideSolutionNode = FALSE
	EndGlobalSection
EndGlobal
